
Microsoft Visual Studio Solution File, Format Version 12.00
# Visual Studio Version 17
VisualStudioVersion = 17.8.34525.116
MinimumVisualStudioVersion = 10.0.40219.1
Project("{FAE04EC0-301F-11D3-BF4B-00C04F79EFBC}") = "WebApplication5", "WebApplication5\WebApplication5.csproj", "{1F76AD99-6008-49F2-9837-98E3D530C1AD}"
EndProject
Global
	GlobalSection(SolutionConfigurationPlatforms) = preSolution
		Debug|Any CPU = Debug|Any CPU
		Release|Any CPU = Release|Any CPU
	EndGlobalSection
	GlobalSection(ProjectConfigurationPlatforms) = postSolution
		{1F76AD99-6008-49F2-9837-98E3D530C1AD}.Debug|Any CPU.ActiveCfg = Debug|Any CPU
		{1F76AD99-6008-49F2-9837-98E3D530C1AD}.Debug|Any CPU.Build.0 = Debug|Any CPU
		{1F76AD99-6008-49F2-9837-98E3D530C1AD}.Release|Any CPU.ActiveCfg = Release|Any CPU
		{1F76AD99-6008-49F2-9837-98E3D530C1AD}.Release|Any CPU.Build.0 = Release|Any CPU
	EndGlobalSection
	GlobalSection(SolutionProperties) = preSolution
		HideSolutionNode = FALSE
	EndGlobalSection
	GlobalSection(ExtensibilityGlobals) = postSolution
		SolutionGuid = {47424670-28A6-4CC9-B9D0-7937C19928A7}
	EndGlobalSection
EndGlobal
